{
  "version": 4,
  "terraform_version": "1.0.9",
  "serial": 50,
  "lineage": "57fc5013-41ef-43b5-1196-39c0dd0cf27a",
  "outputs": {
    "kubernetes_cluster_host": {
      "value": "35.226.37.11",
      "type": "string"
    },
    "kubernetes_cluster_name": {
      "value": "modern-tangent-331205-gke",
      "type": "string"
    },
    "project_id": {
      "value": "modern-tangent-331205",
      "type": "string"
    },
    "region": {
      "value": "us-central1",
      "type": "string"
    }
  },
  "resources": [
    {
      "mode": "data",
      "type": "google_client_config",
      "name": "provider",
      "provider": "provider[\"registry.terraform.io/hashicorp/google\"]",
      "instances": [
        {
          "schema_version": 0,
          "attributes": {
            "access_token": "ya29.a0ARrdaM_NeU21wZoGlJVe_2dRioeHPev_cY48nDA8_bzMCwUnbjoRlrGcGR2KqTvNPcbqJ-LARokwaf9jIT-WIQyiBqq5VdCFo1yt3SpsL5Ggnz1ev1gDxDSltCviVnGjk_HL7ZWdEqMjX83dQXbb2x-W20DyGA",
            "id": "projects/modern-tangent-331205/regions/us-central1/zones/",
            "project": "modern-tangent-331205",
            "region": "us-central1",
            "zone": ""
          },
          "sensitive_attributes": []
        }
      ]
    },
    {
      "mode": "data",
      "type": "google_container_cluster",
      "name": "primary",
      "provider": "provider[\"registry.terraform.io/hashicorp/google\"]",
      "instances": [
        {
          "schema_version": 0,
          "attributes": {
            "addons_config": [
              {
                "cloudrun_config": [],
                "horizontal_pod_autoscaling": [],
                "http_load_balancing": [],
                "network_policy_config": [
                  {
                    "disabled": true
                  }
                ]
              }
            ],
            "authenticator_groups_config": [],
            "cluster_autoscaling": [
              {
                "auto_provisioning_defaults": [],
                "enabled": false,
                "resource_limits": []
              }
            ],
            "cluster_ipv4_cidr": "10.52.0.0/14",
            "database_encryption": [
              {
                "key_name": "",
                "state": "DECRYPTED"
              }
            ],
            "default_max_pods_per_node": null,
            "description": "",
            "enable_binary_authorization": false,
            "enable_intranode_visibility": null,
            "enable_kubernetes_alpha": false,
            "enable_legacy_abac": false,
            "enable_shielded_nodes": false,
            "enable_tpu": null,
            "endpoint": "35.226.37.11",
            "id": "projects/modern-tangent-331205/locations/us-central1/clusters/modern-tangent-331205-gke",
            "initial_node_count": 1,
            "instance_group_urls": [
              "https://www.googleapis.com/compute/v1/projects/modern-tangent-331205/zones/us-central1-f/instanceGroups/gke-modern-tangent-3-modern-tangent-3-9a4ab800-grp",
              "https://www.googleapis.com/compute/v1/projects/modern-tangent-331205/zones/us-central1-c/instanceGroups/gke-modern-tangent-3-modern-tangent-3-212467c7-grp",
              "https://www.googleapis.com/compute/v1/projects/modern-tangent-331205/zones/us-central1-a/instanceGroups/gke-modern-tangent-3-modern-tangent-3-d5828f35-grp"
            ],
            "ip_allocation_policy": [],
            "label_fingerprint": "a9dc16a7",
            "location": "us-central1",
            "logging_service": "logging.googleapis.com/kubernetes",
            "maintenance_policy": [],
            "master_auth": [
              {
                "client_certificate": "",
                "client_certificate_config": [
                  {
                    "issue_client_certificate": false
                  }
                ],
                "client_key": "",
                "cluster_ca_certificate": "LS0tLS1CRUdJTiBDRVJUSUZJQ0FURS0tLS0tCk1JSUVMRENDQXBTZ0F3SUJBZ0lRRmt0SWtnbXMrSFRCaHRjUUdJQytKakFOQmdrcWhraUc5dzBCQVFzRkFEQXYKTVMwd0t3WURWUVFERXlSaU1tSmxNalU0TXkxaU5qQTJMVFF3WXpJdE9HWTVOeTFsTm1OaU9XVTFOVE5sTVdNdwpJQmNOTWpFeE1UQTFNRGt3TkRJMVdoZ1BNakExTVRFd01qa3hNREEwTWpWYU1DOHhMVEFyQmdOVkJBTVRKR0l5ClltVXlOVGd6TFdJMk1EWXROREJqTWkwNFpqazNMV1UyWTJJNVpUVTFNMlV4WXpDQ0FhSXdEUVlKS29aSWh2Y04KQVFFQkJRQURnZ0dQQURDQ0FZb0NnZ0dCQUs0WDNER1hLaHFUdXpadGphcktweTVoblFTc0FyTTlwQ3FGbm5ZUwpCUHZ1RzJhRmRocitwWkh2LzRzYklGbURJU2lNSGRHa2JYTXQydXVuV21oYXFTY0hPR1lxYkN6Rm5BQSt5enBwCnFuVVBiT0E1RFczSk1CS1hmNnJvUjRHbm1UMnozUW1KMS9td29Zd2dBUVdUK1REaXFlYWhsckFibXg5djBqSkgKdHZWdTN3eXJJRVQyb0U5Qm5NejU0SnIzeUlERTI0c2cxTzFGMGJabGd3cTdycjNNMkllRTVUdngrTm5BN3o5aAo0VHdXVlFrUUJvb1pKNnowVE9HUVdBUmxlU2pvSzBzbkxDVHJJV1VhQVEyOHRZQlRxS1ZzSnFYWktzUXZQODduCmRzRTNXQXJQVTFLMkhKSWlyK1hGSWhnYTRUL01UZ2NXQmRVcjRCaEVFeTVaTDBMOUdTcG4rQUd2amZhblFXUlgKaXlSZVUwb2xIWHc1UEFjUzlVUTQ0cktlTFdWOEVZYzBNSTNSOVN0aGJnamJmN1VqeWxuYk0ycXUxODg5UHRBVgpFNklURWI4aWYvVlVXYkYwd2ZXSDVDaDhvVDQrdkFIQk5aWldKUVl5RWt0YThQeXFoN2ZsemlheGNDMUorUy9pCjgyZ2xOWVVwWDYySXJSc29odDQrTXp3bEhRSURBUUFCbzBJd1FEQU9CZ05WSFE4QkFmOEVCQU1DQWdRd0R3WUQKVlIwVEFRSC9CQVV3QXdFQi96QWRCZ05WSFE0RUZnUVVJcUN3aThkRE5UaWppTTI0U09raVE2MzlFSTh3RFFZSgpLb1pJaHZjTkFRRUxCUUFEZ2dHQkFCZUsxaFd0b1lma205ZEZHVFFuTWZZT1p5blc5MG9tTWNJK0xySDRlWlJhCmxXRHBwekR2VFQvNFZYd2J0VFFuYU8xVmRlNENHSWVJeUxZTGhhbVJ3djFjVFF4NFN5eWUwcGVlaFQzcmF4TDUKSmJXRWhzQ0FYeFZRVU5vZUdNVmVaK2g3QmNWVHBMSm1WcitFVVk0d1kyNFZ5SlhKenlmR3Z3YmNnemxtQWR0cgpMT01wcWZLNit3M3RyV2tlYjkwZ2h5NjhlUVVlSEZIZ2ZJUWdKTXk3OTd3dStiTlltNHcxRHNKbk43djYwdW1oCjZnS3VmVnUveS9QdTh6QmZlTVAzalZ1VTQ4Um1qeVE5dm1OZ2FXc1pjckR1UWtPZnVheGxKR3RwUkNURW9vdi8KaEJEY1pkLzJ4Ryt0L2VUNHRpb2hCc0JBZFZhWWJDbG5MZG5vMytja1F4bnQ5MEVQUGhuOWZTT3k1L3NxMVoydQowTWJoNkV4NUQ5MXpsd0dPbE9sUnJIaWc3NDM5Z3Q1emZJcjllQ1BTMkVPWTZlNUdkVEI2ckVLRlVKcTk2N1RJCkl0NWpBZ3MzWC82ZjZxWHowMXNpaVpXVDQ3MEtSb1VVT1d6bVMzOTBLZTVQN1UzSktianJYaFdibjJycEQ1TE0KQ0xYK1lvUkNoaDVMaEtvMXM5WFd6UT09Ci0tLS0tRU5EIENFUlRJRklDQVRFLS0tLS0K",
                "password": "",
                "username": ""
              }
            ],
            "master_authorized_networks_config": [],
            "master_version": "1.20.10-gke.1600",
            "min_master_version": null,
            "monitoring_service": "monitoring.googleapis.com/kubernetes",
            "name": "modern-tangent-331205-gke",
            "network": "projects/modern-tangent-331205/global/networks/modern-tangent-331205-vpc",
            "network_policy": [
              {
                "enabled": false,
                "provider": "PROVIDER_UNSPECIFIED"
              }
            ],
            "node_config": [
              {
                "disk_size_gb": 100,
                "disk_type": "pd-standard",
                "guest_accelerator": [],
                "image_type": "COS_CONTAINERD",
                "labels": {
                  "env": "modern-tangent-331205"
                },
                "local_ssd_count": 0,
                "machine_type": "n1-standard-1",
                "metadata": {
                  "disable-legacy-endpoints": "true"
                },
                "min_cpu_platform": "",
                "oauth_scopes": [
                  "https://www.googleapis.com/auth/logging.write",
                  "https://www.googleapis.com/auth/monitoring"
                ],
                "preemptible": false,
                "service_account": "default",
                "shielded_instance_config": [
                  {
                    "enable_integrity_monitoring": true,
                    "enable_secure_boot": false
                  }
                ],
                "tags": [
                  "gke-node",
                  "modern-tangent-331205-gke"
                ],
                "taint": [],
                "workload_metadata_config": []
              }
            ],
            "node_locations": [
              "us-central1-a",
              "us-central1-c",
              "us-central1-f"
            ],
            "node_pool": [
              {
                "autoscaling": [],
                "initial_node_count": 2,
                "instance_group_urls": [
                  "https://www.googleapis.com/compute/v1/projects/modern-tangent-331205/zones/us-central1-f/instanceGroupManagers/gke-modern-tangent-3-modern-tangent-3-9a4ab800-grp",
                  "https://www.googleapis.com/compute/v1/projects/modern-tangent-331205/zones/us-central1-c/instanceGroupManagers/gke-modern-tangent-3-modern-tangent-3-212467c7-grp",
                  "https://www.googleapis.com/compute/v1/projects/modern-tangent-331205/zones/us-central1-a/instanceGroupManagers/gke-modern-tangent-3-modern-tangent-3-d5828f35-grp"
                ],
                "management": [
                  {
                    "auto_repair": true,
                    "auto_upgrade": true
                  }
                ],
                "max_pods_per_node": 0,
                "name": "modern-tangent-331205-gke-node-pool",
                "name_prefix": "",
                "node_config": [
                  {
                    "disk_size_gb": 100,
                    "disk_type": "pd-standard",
                    "guest_accelerator": [],
                    "image_type": "COS_CONTAINERD",
                    "labels": {
                      "env": "modern-tangent-331205"
                    },
                    "local_ssd_count": 0,
                    "machine_type": "n1-standard-1",
                    "metadata": {
                      "disable-legacy-endpoints": "true"
                    },
                    "min_cpu_platform": "",
                    "oauth_scopes": [
                      "https://www.googleapis.com/auth/logging.write",
                      "https://www.googleapis.com/auth/monitoring"
                    ],
                    "preemptible": false,
                    "service_account": "default",
                    "shielded_instance_config": [
                      {
                        "enable_integrity_monitoring": true,
                        "enable_secure_boot": false
                      }
                    ],
                    "tags": [
                      "gke-node",
                      "modern-tangent-331205-gke"
                    ],
                    "taint": [],
                    "workload_metadata_config": []
                  }
                ],
                "node_count": 2,
                "node_locations": [
                  "us-central1-a",
                  "us-central1-c",
                  "us-central1-f"
                ],
                "upgrade_settings": [
                  {
                    "max_surge": 1,
                    "max_unavailable": 0
                  }
                ],
                "version": "1.20.10-gke.1600"
              }
            ],
            "node_version": "1.20.10-gke.1600",
            "operation": null,
            "pod_security_policy_config": null,
            "private_cluster_config": [],
            "project": "modern-tangent-331205",
            "release_channel": [
              {
                "channel": "REGULAR"
              }
            ],
            "remove_default_node_pool": null,
            "resource_labels": {},
            "resource_usage_export_config": [],
            "self_link": "https://container.googleapis.com/v1beta1/projects/modern-tangent-331205/locations/us-central1/clusters/modern-tangent-331205-gke",
            "services_ipv4_cidr": "10.55.240.0/20",
            "subnetwork": "projects/modern-tangent-331205/regions/us-central1/subnetworks/modern-tangent-331205-subnet",
            "vertical_pod_autoscaling": [],
            "workload_identity_config": []
          },
          "sensitive_attributes": []
        }
      ]
    },
    {
      "mode": "managed",
      "type": "google_compute_network",
      "name": "vpc",
      "provider": "provider[\"registry.terraform.io/hashicorp/google\"]",
      "instances": [
        {
          "schema_version": 0,
          "attributes": {
            "auto_create_subnetworks": false,
            "delete_default_routes_on_create": false,
            "description": "",
            "gateway_ipv4": "",
            "id": "projects/modern-tangent-331205/global/networks/modern-tangent-331205-vpc",
            "mtu": 0,
            "name": "modern-tangent-331205-vpc",
            "project": "modern-tangent-331205",
            "routing_mode": "REGIONAL",
            "self_link": "https://www.googleapis.com/compute/v1/projects/modern-tangent-331205/global/networks/modern-tangent-331205-vpc",
            "timeouts": null
          },
          "sensitive_attributes": [],
          "private": "eyJlMmJmYjczMC1lY2FhLTExZTYtOGY4OC0zNDM2M2JjN2M0YzAiOnsiY3JlYXRlIjoyNDAwMDAwMDAwMDAsImRlbGV0ZSI6MjQwMDAwMDAwMDAwLCJ1cGRhdGUiOjI0MDAwMDAwMDAwMH19"
        }
      ]
    },
    {
      "mode": "managed",
      "type": "google_compute_subnetwork",
      "name": "subnet",
      "provider": "provider[\"registry.terraform.io/hashicorp/google\"]",
      "instances": [
        {
          "schema_version": 0,
          "attributes": {
            "creation_timestamp": "2021-11-05T03:03:59.278-07:00",
            "description": "",
            "fingerprint": null,
            "gateway_address": "10.10.0.1",
            "id": "projects/modern-tangent-331205/regions/us-central1/subnetworks/modern-tangent-331205-subnet",
            "ip_cidr_range": "10.10.0.0/24",
            "log_config": [],
            "name": "modern-tangent-331205-subnet",
            "network": "https://www.googleapis.com/compute/v1/projects/modern-tangent-331205/global/networks/modern-tangent-331205-vpc",
            "private_ip_google_access": false,
            "private_ipv6_google_access": "DISABLE_GOOGLE_ACCESS",
            "project": "modern-tangent-331205",
            "region": "us-central1",
            "secondary_ip_range": [],
            "self_link": "https://www.googleapis.com/compute/v1/projects/modern-tangent-331205/regions/us-central1/subnetworks/modern-tangent-331205-subnet",
            "timeouts": null
          },
          "sensitive_attributes": [],
          "private": "eyJlMmJmYjczMC1lY2FhLTExZTYtOGY4OC0zNDM2M2JjN2M0YzAiOnsiY3JlYXRlIjozNjAwMDAwMDAwMDAsImRlbGV0ZSI6MzYwMDAwMDAwMDAwLCJ1cGRhdGUiOjM2MDAwMDAwMDAwMH19",
          "dependencies": [
            "google_compute_network.vpc"
          ]
        }
      ]
    },
    {
      "mode": "managed",
      "type": "google_container_cluster",
      "name": "primary",
      "provider": "provider[\"registry.terraform.io/hashicorp/google\"]",
      "instances": [
        {
          "schema_version": 1,
          "attributes": {
            "addons_config": [
              {
                "cloudrun_config": [],
                "horizontal_pod_autoscaling": [],
                "http_load_balancing": [],
                "network_policy_config": [
                  {
                    "disabled": true
                  }
                ]
              }
            ],
            "authenticator_groups_config": [],
            "cluster_autoscaling": [
              {
                "auto_provisioning_defaults": [],
                "enabled": false,
                "resource_limits": []
              }
            ],
            "cluster_ipv4_cidr": "10.52.0.0/14",
            "database_encryption": [
              {
                "key_name": "",
                "state": "DECRYPTED"
              }
            ],
            "default_max_pods_per_node": null,
            "description": "",
            "enable_binary_authorization": false,
            "enable_intranode_visibility": null,
            "enable_kubernetes_alpha": false,
            "enable_legacy_abac": false,
            "enable_shielded_nodes": false,
            "enable_tpu": null,
            "endpoint": "35.226.37.11",
            "id": "projects/modern-tangent-331205/locations/us-central1/clusters/modern-tangent-331205-gke",
            "initial_node_count": 1,
            "instance_group_urls": [
              "https://www.googleapis.com/compute/v1/projects/modern-tangent-331205/zones/us-central1-f/instanceGroups/gke-modern-tangent-3-modern-tangent-3-9a4ab800-grp",
              "https://www.googleapis.com/compute/v1/projects/modern-tangent-331205/zones/us-central1-c/instanceGroups/gke-modern-tangent-3-modern-tangent-3-212467c7-grp",
              "https://www.googleapis.com/compute/v1/projects/modern-tangent-331205/zones/us-central1-a/instanceGroups/gke-modern-tangent-3-modern-tangent-3-d5828f35-grp"
            ],
            "ip_allocation_policy": [],
            "label_fingerprint": "a9dc16a7",
            "location": "us-central1",
            "logging_service": "logging.googleapis.com/kubernetes",
            "maintenance_policy": [],
            "master_auth": [
              {
                "client_certificate": "",
                "client_certificate_config": [
                  {
                    "issue_client_certificate": false
                  }
                ],
                "client_key": "",
                "cluster_ca_certificate": "LS0tLS1CRUdJTiBDRVJUSUZJQ0FURS0tLS0tCk1JSUVMRENDQXBTZ0F3SUJBZ0lRRmt0SWtnbXMrSFRCaHRjUUdJQytKakFOQmdrcWhraUc5dzBCQVFzRkFEQXYKTVMwd0t3WURWUVFERXlSaU1tSmxNalU0TXkxaU5qQTJMVFF3WXpJdE9HWTVOeTFsTm1OaU9XVTFOVE5sTVdNdwpJQmNOTWpFeE1UQTFNRGt3TkRJMVdoZ1BNakExTVRFd01qa3hNREEwTWpWYU1DOHhMVEFyQmdOVkJBTVRKR0l5ClltVXlOVGd6TFdJMk1EWXROREJqTWkwNFpqazNMV1UyWTJJNVpUVTFNMlV4WXpDQ0FhSXdEUVlKS29aSWh2Y04KQVFFQkJRQURnZ0dQQURDQ0FZb0NnZ0dCQUs0WDNER1hLaHFUdXpadGphcktweTVoblFTc0FyTTlwQ3FGbm5ZUwpCUHZ1RzJhRmRocitwWkh2LzRzYklGbURJU2lNSGRHa2JYTXQydXVuV21oYXFTY0hPR1lxYkN6Rm5BQSt5enBwCnFuVVBiT0E1RFczSk1CS1hmNnJvUjRHbm1UMnozUW1KMS9td29Zd2dBUVdUK1REaXFlYWhsckFibXg5djBqSkgKdHZWdTN3eXJJRVQyb0U5Qm5NejU0SnIzeUlERTI0c2cxTzFGMGJabGd3cTdycjNNMkllRTVUdngrTm5BN3o5aAo0VHdXVlFrUUJvb1pKNnowVE9HUVdBUmxlU2pvSzBzbkxDVHJJV1VhQVEyOHRZQlRxS1ZzSnFYWktzUXZQODduCmRzRTNXQXJQVTFLMkhKSWlyK1hGSWhnYTRUL01UZ2NXQmRVcjRCaEVFeTVaTDBMOUdTcG4rQUd2amZhblFXUlgKaXlSZVUwb2xIWHc1UEFjUzlVUTQ0cktlTFdWOEVZYzBNSTNSOVN0aGJnamJmN1VqeWxuYk0ycXUxODg5UHRBVgpFNklURWI4aWYvVlVXYkYwd2ZXSDVDaDhvVDQrdkFIQk5aWldKUVl5RWt0YThQeXFoN2ZsemlheGNDMUorUy9pCjgyZ2xOWVVwWDYySXJSc29odDQrTXp3bEhRSURBUUFCbzBJd1FEQU9CZ05WSFE4QkFmOEVCQU1DQWdRd0R3WUQKVlIwVEFRSC9CQVV3QXdFQi96QWRCZ05WSFE0RUZnUVVJcUN3aThkRE5UaWppTTI0U09raVE2MzlFSTh3RFFZSgpLb1pJaHZjTkFRRUxCUUFEZ2dHQkFCZUsxaFd0b1lma205ZEZHVFFuTWZZT1p5blc5MG9tTWNJK0xySDRlWlJhCmxXRHBwekR2VFQvNFZYd2J0VFFuYU8xVmRlNENHSWVJeUxZTGhhbVJ3djFjVFF4NFN5eWUwcGVlaFQzcmF4TDUKSmJXRWhzQ0FYeFZRVU5vZUdNVmVaK2g3QmNWVHBMSm1WcitFVVk0d1kyNFZ5SlhKenlmR3Z3YmNnemxtQWR0cgpMT01wcWZLNit3M3RyV2tlYjkwZ2h5NjhlUVVlSEZIZ2ZJUWdKTXk3OTd3dStiTlltNHcxRHNKbk43djYwdW1oCjZnS3VmVnUveS9QdTh6QmZlTVAzalZ1VTQ4Um1qeVE5dm1OZ2FXc1pjckR1UWtPZnVheGxKR3RwUkNURW9vdi8KaEJEY1pkLzJ4Ryt0L2VUNHRpb2hCc0JBZFZhWWJDbG5MZG5vMytja1F4bnQ5MEVQUGhuOWZTT3k1L3NxMVoydQowTWJoNkV4NUQ5MXpsd0dPbE9sUnJIaWc3NDM5Z3Q1emZJcjllQ1BTMkVPWTZlNUdkVEI2ckVLRlVKcTk2N1RJCkl0NWpBZ3MzWC82ZjZxWHowMXNpaVpXVDQ3MEtSb1VVT1d6bVMzOTBLZTVQN1UzSktianJYaFdibjJycEQ1TE0KQ0xYK1lvUkNoaDVMaEtvMXM5WFd6UT09Ci0tLS0tRU5EIENFUlRJRklDQVRFLS0tLS0K",
                "password": "",
                "username": ""
              }
            ],
            "master_authorized_networks_config": [],
            "master_version": "1.20.10-gke.1600",
            "min_master_version": null,
            "monitoring_service": "monitoring.googleapis.com/kubernetes",
            "name": "modern-tangent-331205-gke",
            "network": "projects/modern-tangent-331205/global/networks/modern-tangent-331205-vpc",
            "network_policy": [
              {
                "enabled": false,
                "provider": "PROVIDER_UNSPECIFIED"
              }
            ],
            "node_config": [
              {
                "disk_size_gb": 100,
                "disk_type": "pd-standard",
                "guest_accelerator": [],
                "image_type": "COS_CONTAINERD",
                "labels": {
                  "env": "modern-tangent-331205"
                },
                "local_ssd_count": 0,
                "machine_type": "n1-standard-1",
                "metadata": {
                  "disable-legacy-endpoints": "true"
                },
                "min_cpu_platform": "",
                "oauth_scopes": [
                  "https://www.googleapis.com/auth/logging.write",
                  "https://www.googleapis.com/auth/monitoring"
                ],
                "preemptible": false,
                "service_account": "default",
                "shielded_instance_config": [
                  {
                    "enable_integrity_monitoring": true,
                    "enable_secure_boot": false
                  }
                ],
                "tags": [
                  "gke-node",
                  "modern-tangent-331205-gke"
                ],
                "taint": [],
                "workload_metadata_config": []
              }
            ],
            "node_locations": [
              "us-central1-a",
              "us-central1-c",
              "us-central1-f"
            ],
            "node_pool": [
              {
                "autoscaling": [],
                "initial_node_count": 2,
                "instance_group_urls": [
                  "https://www.googleapis.com/compute/v1/projects/modern-tangent-331205/zones/us-central1-f/instanceGroupManagers/gke-modern-tangent-3-modern-tangent-3-9a4ab800-grp",
                  "https://www.googleapis.com/compute/v1/projects/modern-tangent-331205/zones/us-central1-c/instanceGroupManagers/gke-modern-tangent-3-modern-tangent-3-212467c7-grp",
                  "https://www.googleapis.com/compute/v1/projects/modern-tangent-331205/zones/us-central1-a/instanceGroupManagers/gke-modern-tangent-3-modern-tangent-3-d5828f35-grp"
                ],
                "management": [
                  {
                    "auto_repair": true,
                    "auto_upgrade": true
                  }
                ],
                "max_pods_per_node": 0,
                "name": "modern-tangent-331205-gke-node-pool",
                "name_prefix": "",
                "node_config": [
                  {
                    "disk_size_gb": 100,
                    "disk_type": "pd-standard",
                    "guest_accelerator": [],
                    "image_type": "COS_CONTAINERD",
                    "labels": {
                      "env": "modern-tangent-331205"
                    },
                    "local_ssd_count": 0,
                    "machine_type": "n1-standard-1",
                    "metadata": {
                      "disable-legacy-endpoints": "true"
                    },
                    "min_cpu_platform": "",
                    "oauth_scopes": [
                      "https://www.googleapis.com/auth/logging.write",
                      "https://www.googleapis.com/auth/monitoring"
                    ],
                    "preemptible": false,
                    "service_account": "default",
                    "shielded_instance_config": [
                      {
                        "enable_integrity_monitoring": true,
                        "enable_secure_boot": false
                      }
                    ],
                    "tags": [
                      "gke-node",
                      "modern-tangent-331205-gke"
                    ],
                    "taint": [],
                    "workload_metadata_config": []
                  }
                ],
                "node_count": 2,
                "node_locations": [
                  "us-central1-a",
                  "us-central1-c",
                  "us-central1-f"
                ],
                "upgrade_settings": [
                  {
                    "max_surge": 1,
                    "max_unavailable": 0
                  }
                ],
                "version": "1.20.10-gke.1600"
              }
            ],
            "node_version": "1.20.10-gke.1600",
            "operation": null,
            "pod_security_policy_config": [],
            "private_cluster_config": [],
            "project": "modern-tangent-331205",
            "release_channel": [
              {
                "channel": "REGULAR"
              }
            ],
            "remove_default_node_pool": true,
            "resource_labels": {},
            "resource_usage_export_config": [],
            "self_link": "https://container.googleapis.com/v1beta1/projects/modern-tangent-331205/locations/us-central1/clusters/modern-tangent-331205-gke",
            "services_ipv4_cidr": "10.55.240.0/20",
            "subnetwork": "projects/modern-tangent-331205/regions/us-central1/subnetworks/modern-tangent-331205-subnet",
            "timeouts": null,
            "vertical_pod_autoscaling": [],
            "workload_identity_config": []
          },
          "sensitive_attributes": [],
          "private": "eyJlMmJmYjczMC1lY2FhLTExZTYtOGY4OC0zNDM2M2JjN2M0YzAiOnsiY3JlYXRlIjoyNDAwMDAwMDAwMDAwLCJkZWxldGUiOjI0MDAwMDAwMDAwMDAsInJlYWQiOjI0MDAwMDAwMDAwMDAsInVwZGF0ZSI6MzYwMDAwMDAwMDAwMH0sInNjaGVtYV92ZXJzaW9uIjoiMSJ9",
          "dependencies": [
            "google_compute_network.vpc",
            "google_compute_subnetwork.subnet"
          ]
        }
      ]
    },
    {
      "mode": "managed",
      "type": "google_container_node_pool",
      "name": "primary_nodes",
      "provider": "provider[\"registry.terraform.io/hashicorp/google\"]",
      "instances": [
        {
          "schema_version": 1,
          "attributes": {
            "autoscaling": [],
            "cluster": "modern-tangent-331205-gke",
            "id": "projects/modern-tangent-331205/locations/us-central1/clusters/modern-tangent-331205-gke/nodePools/modern-tangent-331205-gke-node-pool",
            "initial_node_count": 2,
            "instance_group_urls": [
              "https://www.googleapis.com/compute/v1/projects/modern-tangent-331205/zones/us-central1-f/instanceGroupManagers/gke-modern-tangent-3-modern-tangent-3-9a4ab800-grp",
              "https://www.googleapis.com/compute/v1/projects/modern-tangent-331205/zones/us-central1-c/instanceGroupManagers/gke-modern-tangent-3-modern-tangent-3-212467c7-grp",
              "https://www.googleapis.com/compute/v1/projects/modern-tangent-331205/zones/us-central1-a/instanceGroupManagers/gke-modern-tangent-3-modern-tangent-3-d5828f35-grp"
            ],
            "location": "us-central1",
            "management": [
              {
                "auto_repair": true,
                "auto_upgrade": true
              }
            ],
            "max_pods_per_node": null,
            "name": "modern-tangent-331205-gke-node-pool",
            "name_prefix": "",
            "node_config": [
              {
                "disk_size_gb": 100,
                "disk_type": "pd-standard",
                "guest_accelerator": [],
                "image_type": "COS_CONTAINERD",
                "labels": {
                  "env": "modern-tangent-331205"
                },
                "local_ssd_count": 0,
                "machine_type": "n1-standard-1",
                "metadata": {
                  "disable-legacy-endpoints": "true"
                },
                "min_cpu_platform": "",
                "oauth_scopes": [
                  "https://www.googleapis.com/auth/logging.write",
                  "https://www.googleapis.com/auth/monitoring"
                ],
                "preemptible": false,
                "service_account": "default",
                "shielded_instance_config": [
                  {
                    "enable_integrity_monitoring": true,
                    "enable_secure_boot": false
                  }
                ],
                "tags": [
                  "gke-node",
                  "modern-tangent-331205-gke"
                ],
                "taint": [],
                "workload_metadata_config": []
              }
            ],
            "node_count": 2,
            "node_locations": [
              "us-central1-a",
              "us-central1-c",
              "us-central1-f"
            ],
            "project": "modern-tangent-331205",
            "timeouts": null,
            "upgrade_settings": [
              {
                "max_surge": 1,
                "max_unavailable": 0
              }
            ],
            "version": "1.20.10-gke.1600"
          },
          "sensitive_attributes": [],
          "private": "eyJlMmJmYjczMC1lY2FhLTExZTYtOGY4OC0zNDM2M2JjN2M0YzAiOnsiY3JlYXRlIjoxODAwMDAwMDAwMDAwLCJkZWxldGUiOjE4MDAwMDAwMDAwMDAsInVwZGF0ZSI6MTgwMDAwMDAwMDAwMH0sInNjaGVtYV92ZXJzaW9uIjoiMSJ9",
          "dependencies": [
            "google_compute_network.vpc",
            "google_compute_subnetwork.subnet",
            "google_container_cluster.primary"
          ]
        }
      ]
    },
    {
      "mode": "managed",
      "type": "helm_release",
      "name": "airflow-test",
      "provider": "provider[\"registry.terraform.io/hashicorp/helm\"]",
      "instances": [
        {
          "schema_version": 0,
          "attributes": {
            "atomic": false,
            "chart": "airflow",
            "cleanup_on_fail": false,
            "create_namespace": true,
            "dependency_update": false,
            "description": null,
            "devel": null,
            "disable_crd_hooks": false,
            "disable_openapi_validation": false,
            "disable_webhooks": false,
            "force_update": false,
            "id": "airflow-test",
            "keyring": null,
            "lint": false,
            "manifest": null,
            "max_history": 0,
            "metadata": [
              {
                "app_version": "2.1.4",
                "chart": "airflow",
                "name": "airflow-test",
                "namespace": "airflow",
                "revision": 1,
                "values": "{\"flower\":{\"service\":{\"type\":\"NodePort\"}},\"webserver\":{\"service\":{\"type\":\"NodePort\"}}}",
                "version": "1.2.0"
              }
            ],
            "name": "airflow-test",
            "namespace": "airflow",
            "postrender": [],
            "recreate_pods": false,
            "render_subchart_notes": true,
            "replace": false,
            "repository": "https://airflow.apache.org",
            "repository_ca_file": null,
            "repository_cert_file": null,
            "repository_key_file": null,
            "repository_password": null,
            "repository_username": null,
            "reset_values": false,
            "reuse_values": false,
            "set": [
              {
                "name": "flower.service.type",
                "type": "",
                "value": "NodePort"
              },
              {
                "name": "webserver.service.type",
                "type": "",
                "value": "NodePort"
              }
            ],
            "set_sensitive": [],
            "skip_crds": false,
            "status": "deployed",
            "timeout": 300,
            "values": null,
            "verify": false,
            "version": "1.2.0",
            "wait": false,
            "wait_for_jobs": false
          },
          "sensitive_attributes": [],
          "private": "bnVsbA==",
          "dependencies": [
            "data.google_client_config.provider",
            "data.google_container_cluster.primary",
            "google_container_node_pool.primary_nodes"
          ]
        }
      ]
    }
  ]
}
