{
  "version": 4,
  "terraform_version": "1.0.9",
  "serial": 90,
  "lineage": "2db3b171-ec83-5a91-e2ac-80d3fd9643cb",
  "outputs": {},
  "resources": [
    {
      "mode": "data",
      "type": "google_compute_image",
      "name": "centos",
      "provider": "provider[\"registry.terraform.io/hashicorp/google\"]",
      "instances": [
        {
          "schema_version": 0,
          "attributes": {
            "archive_size_bytes": 2440249152,
            "creation_timestamp": "2021-11-04T15:21:49.445-07:00",
            "description": "CentOS, CentOS, 7, x86_64 built on , supports Shielded VM features",
            "disk_size_gb": 20,
            "family": "centos-7",
            "filter": null,
            "id": "projects/centos-cloud/global/images/centos-7-v20211105",
            "image_encryption_key_sha256": "",
            "image_id": "4496334534482715154",
            "label_fingerprint": "42WmSpB8rSM=",
            "labels": {},
            "licenses": [
              "https://www.googleapis.com/compute/v1/projects/centos-cloud/global/licenses/centos-7"
            ],
            "name": "centos-7-v20211105",
            "project": "centos-cloud",
            "self_link": "https://www.googleapis.com/compute/v1/projects/centos-cloud/global/images/centos-7-v20211105",
            "source_disk": "",
            "source_disk_encryption_key_sha256": "",
            "source_disk_id": "",
            "source_image_id": "",
            "status": "READY"
          },
          "sensitive_attributes": []
        }
      ]
    },
    {
      "mode": "managed",
      "type": "google_compute_instance_template",
      "name": "default",
      "provider": "provider[\"registry.terraform.io/hashicorp/google\"]",
      "instances": [
        {
          "schema_version": 1,
          "attributes": {
            "advanced_machine_features": [],
            "can_ip_forward": false,
            "confidential_instance_config": null,
            "description": "This template is used to create app server instances.",
            "disk": [
              {
                "auto_delete": true,
                "boot": true,
                "device_name": "persistent-disk-0",
                "disk_encryption_key": [],
                "disk_name": "",
                "disk_size_gb": 200,
                "disk_type": "pd-ssd",
                "interface": "SCSI",
                "labels": null,
                "mode": "READ_WRITE",
                "resource_policies": null,
                "source": "",
                "source_image": "projects/centos-cloud/global/images/centos-7-v20211105",
                "type": "PERSISTENT"
              }
            ],
            "guest_accelerator": [],
            "id": "projects/modern-tangent-331205/global/instanceTemplates/mysql-server-template",
            "instance_description": "description assigned to instances",
            "labels": {
              "environment": "dev"
            },
            "machine_type": "c2-standard-8",
            "metadata": {
              "foo": "bar"
            },
            "metadata_fingerprint": "Nu820NOypEc=",
            "metadata_startup_script": "#!/bin/bash\nsudo yum update -y\nsudo yum install wget -y\nsudo wget https://dev.mysql.com/get/mysql80-community-release-el7-3.noarch.rpm\nsudo md5sum mysql80-community-release-el7-3.noarch.rpm\nsudo rpm -ivh mysql80-community-release-el7-3.noarch.rpm\nsudo yum install mysql-server -y\nsudo systemctl start mysqld",
            "min_cpu_platform": "",
            "name": "mysql-server-template",
            "name_prefix": null,
            "network_interface": [
              {
                "access_config": [
                  {
                    "nat_ip": "",
                    "network_tier": "PREMIUM",
                    "public_ptr_domain_name": ""
                  }
                ],
                "alias_ip_range": [],
                "ipv6_access_config": [],
                "ipv6_access_type": "",
                "name": "nic0",
                "network": "https://www.googleapis.com/compute/v1/projects/modern-tangent-331205/global/networks/default",
                "network_ip": "",
                "nic_type": "",
                "stack_type": "",
                "subnetwork": "",
                "subnetwork_project": ""
              }
            ],
            "project": "modern-tangent-331205",
            "region": "us-central1",
            "reservation_affinity": [],
            "scheduling": [
              {
                "automatic_restart": true,
                "min_node_cpus": 0,
                "node_affinities": [],
                "on_host_maintenance": "MIGRATE",
                "preemptible": false
              }
            ],
            "self_link": "https://www.googleapis.com/compute/v1/projects/modern-tangent-331205/global/instanceTemplates/mysql-server-template",
            "service_account": [],
            "shielded_instance_config": [],
            "tags": [
              "bar",
              "foo"
            ],
            "tags_fingerprint": "",
            "timeouts": null
          },
          "sensitive_attributes": [],
          "private": "eyJlMmJmYjczMC1lY2FhLTExZTYtOGY4OC0zNDM2M2JjN2M0YzAiOnsiY3JlYXRlIjoyNDAwMDAwMDAwMDAsImRlbGV0ZSI6MjQwMDAwMDAwMDAwfSwic2NoZW1hX3ZlcnNpb24iOiIxIn0=",
          "dependencies": [
            "data.google_compute_image.centos"
          ]
        }
      ]
    }
  ]
}
